{
  "name": "01-1_jiti",
  "version": "1.0.0",
  "lockfileVersion": 3,
  "requires": true,
  "packages": {
    "": {
      "name": "01-1_jiti",
      "version": "1.0.0",
      "license": "ISC",
      "dependencies": {
        "es-toolkit": "^1.27.0"
      }
    },
    "node_modules/es-toolkit": {
      "version": "1.27.0",
      "resolved": "https://registry.npmjs.org/es-toolkit/-/es-toolkit-1.27.0.tgz",
      "integrity": "sha512-ETSFA+ZJArcuSCpzD2TjAy6UHpx4E4uqFsoDg9F/nTLogrLmVVZQ+zNxco5h7cWnA1nNak07IXsLcaSMih+ZPQ=="
    }
  }
}
